// !$*UTF8*$!
{
	archiveVersion = 1;
	classes = {
	};
	objectVersion = 56;
	objects = {

/* Begin PBXBuildFile section */
		69C99C9C29F9F79000912E5A /* AppDelegate.swift in Sources */ = {isa = PBXBuildFile; fileRef = 69C99C9B29F9F79000912E5A /* AppDelegate.swift */; };
		69C99C9E29F9F79000912E5A /* SceneDelegate.swift in Sources */ = {isa = PBXBuildFile; fileRef = 69C99C9D29F9F79000912E5A /* SceneDelegate.swift */; };
		69C99CA029F9F79000912E5A /* ViewController.swift in Sources */ = {isa = PBXBuildFile; fileRef = 69C99C9F29F9F79000912E5A /* ViewController.swift */; };
		69C99CA329F9F79000912E5A /* Main.storyboard in Resources */ = {isa = PBXBuildFile; fileRef = 69C99CA129F9F79000912E5A /* Main.storyboard */; };
		69C99CA529F9F79100912E5A /* Assets.xcassets in Resources */ = {isa = PBXBuildFile; fileRef = 69C99CA429F9F79100912E5A /* Assets.xcassets */; };
		69C99CA829F9F79100912E5A /* LaunchScreen.storyboard in Resources */ = {isa = PBXBuildFile; fileRef = 69C99CA629F9F79100912E5A /* LaunchScreen.storyboard */; };
		69C99CB329F9F79200912E5A /* pictoTests.swift in Sources */ = {isa = PBXBuildFile; fileRef = 69C99CB229F9F79200912E5A /* pictoTests.swift */; };
		69C99CBD29F9F79200912E5A /* pictoUITests.swift in Sources */ = {isa = PBXBuildFile; fileRef = 69C99CBC29F9F79200912E5A /* pictoUITests.swift */; };
		69C99CBF29F9F79200912E5A /* pictoUITestsLaunchTests.swift in Sources */ = {isa = PBXBuildFile; fileRef = 69C99CBE29F9F79200912E5A /* pictoUITestsLaunchTests.swift */; };
/* End PBXBuildFile section */

/* Begin PBXContainerItemProxy section */
		69C99CAF29F9F79200912E5A /* PBXContainerItemProxy */ = {
			isa = PBXContainerItemProxy;
			containerPortal = 69C99C9029F9F79000912E5A /* Project object */;
			proxyType = 1;
			remoteGlobalIDString = 69C99C9729F9F79000912E5A;
			remoteInfo = picto;
		};
		69C99CB929F9F79200912E5A /* PBXContainerItemProxy */ = {
			isa = PBXContainerItemProxy;
			containerPortal = 69C99C9029F9F79000912E5A /* Project object */;
			proxyType = 1;
			remoteGlobalIDString = 69C99C9729F9F79000912E5A;
			remoteInfo = picto;
		};
/* End PBXContainerItemProxy section */

/* Begin PBXFileReference section */
		69C99C9829F9F79000912E5A /* picto.app */ = {isa = PBXFileReference; explicitFileType = wrapper.application; includeInIndex = 0; path = picto.app; sourceTree = BUILT_PRODUCTS_DIR; };
		69C99C9B29F9F79000912E5A /* AppDelegate.swift */ = {isa = PBXFileReference; lastKnownFileType = sourcecode.swift; path = AppDelegate.swift; sourceTree = "<group>"; };
		69C99C9D29F9F79000912E5A /* SceneDelegate.swift */ = {isa = PBXFileReference; lastKnownFileType = sourcecode.swift; path = SceneDelegate.swift; sourceTree = "<group>"; };
		69C99C9F29F9F79000912E5A /* ViewController.swift */ = {isa = PBXFileReference; lastKnownFileType = sourcecode.swift; path = ViewController.swift; sourceTree = "<group>"; };
		69C99CA229F9F79000912E5A /* Base */ = {isa = PBXFileReference; lastKnownFileType = file.storyboard; name = Base; path = Base.lproj/Main.storyboard; sourceTree = "<group>"; };
		69C99CA429F9F79100912E5A /* Assets.xcassets */ = {isa = PBXFileReference; lastKnownFileType = folder.assetcatalog; path = Assets.xcassets; sourceTree = "<group>"; };
		69C99CA729F9F79100912E5A /* Base */ = {isa = PBXFileReference; lastKnownFileType = file.storyboard; name = Base; path = Base.lproj/LaunchScreen.storyboard; sourceTree = "<group>"; };
		69C99CA929F9F79100912E5A /* Info.plist */ = {isa = PBXFileReference; lastKnownFileType = text.plist.xml; path = Info.plist; sourceTree = "<group>"; };
		69C99CAE29F9F79200912E5A /* pictoTests.xctest */ = {isa = PBXFileReference; explicitFileType = wrapper.cfbundle; includeInIndex = 0; path = pictoTests.xctest; sourceTree = BUILT_PRODUCTS_DIR; };
		69C99CB229F9F79200912E5A /* pictoTests.swift */ = {isa = PBXFileReference; lastKnownFileType = sourcecode.swift; path = pictoTests.swift; sourceTree = "<group>"; };
		69C99CB829F9F79200912E5A /* pictoUITests.xctest */ = {isa = PBXFileReference; explicitFileType = wrapper.cfbundle; includeInIndex = 0; path = pictoUITests.xctest; sourceTree = BUILT_PRODUCTS_DIR; };
		69C99CBC29F9F79200912E5A /* pictoUITests.swift */ = {isa = PBXFileReference; lastKnownFileType = sourcecode.swift; path = pictoUITests.swift; sourceTree = "<group>"; };
		69C99CBE29F9F79200912E5A /* pictoUITestsLaunchTests.swift */ = {isa = PBXFileReference; lastKnownFileType = sourcecode.swift; path = pictoUITestsLaunchTests.swift; sourceTree = "<group>"; };
/* End PBXFileReference section */

/* Begin PBXFrameworksBuildPhase section */
		69C99C9529F9F79000912E5A /* Frameworks */ = {
			isa = PBXFrameworksBuildPhase;
			buildActionMask = 2147483647;
			files = (
			);
			runOnlyForDeploymentPostprocessing = 0;
		};
		69C99CAB29F9F79200912E5A /* Frameworks */ = {
			isa = PBXFrameworksBuildPhase;
			buildActionMask = 2147483647;
			files = (
			);
			runOnlyForDeploymentPostprocessing = 0;
		};
		69C99CB529F9F79200912E5A /* Frameworks */ = {
			isa = PBXFrameworksBuildPhase;
			buildActionMask = 2147483647;
			files = (
			);
			runOnlyForDeploymentPostprocessing = 0;
		};
/* End PBXFrameworksBuildPhase section */

/* Begin PBXGroup section */
		69C99C8F29F9F79000912E5A = {
			isa = PBXGroup;
			children = (
				69C99C9A29F9F79000912E5A /* picto */,
				69C99CB129F9F79200912E5A /* pictoTests */,
				69C99CBB29F9F79200912E5A /* pictoUITests */,
				69C99C9929F9F79000912E5A /* Products */,
			);
			sourceTree = "<group>";
		};
		69C99C9929F9F79000912E5A /* Products */ = {
			isa = PBXGroup;
			children = (
				69C99C9829F9F79000912E5A /* picto.app */,
				69C99CAE29F9F79200912E5A /* pictoTests.xctest */,
				69C99CB829F9F79200912E5A /* pictoUITests.xctest */,
			);
			name = Products;
			sourceTree = "<group>";
		};
		69C99C9A29F9F79000912E5A /* picto */ = {
			isa = PBXGroup;
			children = (
				69C99C9B29F9F79000912E5A /* AppDelegate.swift */,
				69C99C9D29F9F79000912E5A /* SceneDelegate.swift */,
				69C99C9F29F9F79000912E5A /* ViewController.swift */,
				69C99CA129F9F79000912E5A /* Main.storyboard */,
				69C99CA429F9F79100912E5A /* Assets.xcassets */,
				69C99CA629F9F79100912E5A /* LaunchScreen.storyboard */,
				69C99CA929F9F79100912E5A /* Info.plist */,
			);
			path = picto;
			sourceTree = "<group>";
		};
		69C99CB129F9F79200912E5A /* pictoTests */ = {
			isa = PBXGroup;
			children = (
				69C99CB229F9F79200912E5A /* pictoTests.swift */,
			);
			path = pictoTests;
			sourceTree = "<group>";
		};
		69C99CBB29F9F79200912E5A /* pictoUITests */ = {
			isa = PBXGroup;
			children = (
				69C99CBC29F9F79200912E5A /* pictoUITests.swift */,
				69C99CBE29F9F79200912E5A /* pictoUITestsLaunchTests.swift */,
			);
			path = pictoUITests;
			sourceTree = "<group>";
		};
/* End PBXGroup section */

/* Begin PBXNativeTarget section */
		69C99C9729F9F79000912E5A /* picto */ = {
			isa = PBXNativeTarget;
			buildConfigurationList = 69C99CC229F9F79200912E5A /* Build configuration list for PBXNativeTarget "picto" */;
			buildPhases = (
				69C99C9429F9F79000912E5A /* Sources */,
				69C99C9529F9F79000912E5A /* Frameworks */,
				69C99C9629F9F79000912E5A /* Resources */,
			);
			buildRules = (
			);
			dependencies = (
			);
			name = picto;
			productName = picto;
			productReference = 69C99C9829F9F79000912E5A /* picto.app */;
			productType = "com.apple.product-type.application";
		};
		69C99CAD29F9F79200912E5A /* pictoTests */ = {
			isa = PBXNativeTarget;
			buildConfigurationList = 69C99CC529F9F79200912E5A /* Build configuration list for PBXNativeTarget "pictoTests" */;
			buildPhases = (
				69C99CAA29F9F79200912E5A /* Sources */,
				69C99CAB29F9F79200912E5A /* Frameworks */,
				69C99CAC29F9F79200912E5A /* Resources */,
			);
			buildRules = (
			);
			dependencies = (
				69C99CB029F9F79200912E5A /* PBXTargetDependency */,
			);
			name = pictoTests;
			productName = pictoTests;
			productReference = 69C99CAE29F9F79200912E5A /* pictoTests.xctest */;
			productType = "com.apple.product-type.bundle.unit-test";
		};
		69C99CB729F9F79200912E5A /* pictoUITests */ = {
			isa = PBXNativeTarget;
			buildConfigurationList = 69C99CC829F9F79200912E5A /* Build configuration list for PBXNativeTarget "pictoUITests" */;
			buildPhases = (
				69C99CB429F9F79200912E5A /* Sources */,
				69C99CB529F9F79200912E5A /* Frameworks */,
				69C99CB629F9F79200912E5A /* Resources */,
			);
			buildRules = (
			);
			dependencies = (
				69C99CBA29F9F79200912E5A /* PBXTargetDependency */,
			);
			name = pictoUITests;
			productName = pictoUITests;
			productReference = 69C99CB829F9F79200912E5A /* pictoUITests.xctest */;
			productType = "com.apple.product-type.bundle.ui-testing";
		};
/* End PBXNativeTarget section */

/* Begin PBXProject section */
		69C99C9029F9F79000912E5A /* Project object */ = {
			isa = PBXProject;
			attributes = {
				BuildIndependentTargetsInParallel = 1;
				LastSwiftUpdateCheck = 1420;
				LastUpgradeCheck = 1420;
				TargetAttributes = {
					69C99C9729F9F79000912E5A = {
						CreatedOnToolsVersion = 14.2;
					};
					69C99CAD29F9F79200912E5A = {
						CreatedOnToolsVersion = 14.2;
						TestTargetID = 69C99C9729F9F79000912E5A;
					};
					69C99CB729F9F79200912E5A = {
						CreatedOnToolsVersion = 14.2;
						TestTargetID = 69C99C9729F9F79000912E5A;
					};
				};
			};
			buildConfigurationList = 69C99C9329F9F79000912E5A /* Build configuration list for PBXProject "picto" */;
			compatibilityVersion = "Xcode 14.0";
			developmentRegion = en;
			hasScannedForEncodings = 0;
			knownRegions = (
				en,
				Base,
			);
			mainGroup = 69C99C8F29F9F79000912E5A;
			productRefGroup = 69C99C9929F9F79000912E5A /* Products */;
			projectDirPath = "";
			projectRoot = "";
			targets = (
				69C99C9729F9F79000912E5A /* picto */,
				69C99CAD29F9F79200912E5A /* pictoTests */,
				69C99CB729F9F79200912E5A /* pictoUITests */,
			);
		};
/* End PBXProject section */

/* Begin PBXResourcesBuildPhase section */
		69C99C9629F9F79000912E5A /* Resources */ = {
			isa = PBXResourcesBuildPhase;
			buildActionMask = 2147483647;
			files = (
				69C99CA829F9F79100912E5A /* LaunchScreen.storyboard in Resources */,
				69C99CA529F9F79100912E5A /* Assets.xcassets in Resources */,
				69C99CA329F9F79000912E5A /* Main.storyboard in Resources */,
			);
			runOnlyForDeploymentPostprocessing = 0;
		};
		69C99CAC29F9F79200912E5A /* Resources */ = {
			isa = PBXResourcesBuildPhase;
			buildActionMask = 2147483647;
			files = (
			);
			runOnlyForDeploymentPostprocessing = 0;
		};
		69C99CB629F9F79200912E5A /* Resources */ = {
			isa = PBXResourcesBuildPhase;
			buildActionMask = 2147483647;
			files = (
			);
			runOnlyForDeploymentPostprocessing = 0;
		};
/* End PBXResourcesBuildPhase section */

/* Begin PBXSourcesBuildPhase section */
		69C99C9429F9F79000912E5A /* Sources */ = {
			isa = PBXSourcesBuildPhase;
			buildActionMask = 2147483647;
			files = (
				69C99CA029F9F79000912E5A /* ViewController.swift in Sources */,
				69C99C9C29F9F79000912E5A /* AppDelegate.swift in Sources */,
				69C99C9E29F9F79000912E5A /* SceneDelegate.swift in Sources */,
			);
			runOnlyForDeploymentPostprocessing = 0;
		};
		69C99CAA29F9F79200912E5A /* Sources */ = {
			isa = PBXSourcesBuildPhase;
			buildActionMask = 2147483647;
			files = (
				69C99CB329F9F79200912E5A /* pictoTests.swift in Sources */,
			);
			runOnlyForDeploymentPostprocessing = 0;
		};
		69C99CB429F9F79200912E5A /* Sources */ = {
			isa = PBXSourcesBuildPhase;
			buildActionMask = 2147483647;
			files = (
				69C99CBF29F9F79200912E5A /* pictoUITestsLaunchTests.swift in Sources */,
				69C99CBD29F9F79200912E5A /* pictoUITests.swift in Sources */,
			);
			runOnlyForDeploymentPostprocessing = 0;
		};
/* End PBXSourcesBuildPhase section */

/* Begin PBXTargetDependency section */
		69C99CB029F9F79200912E5A /* PBXTargetDependency */ = {
			isa = PBXTargetDependency;
			target = 69C99C9729F9F79000912E5A /* picto */;
			targetProxy = 69C99CAF29F9F79200912E5A /* PBXContainerItemProxy */;
		};
		69C99CBA29F9F79200912E5A /* PBXTargetDependency */ = {
			isa = PBXTargetDependency;
			target = 69C99C9729F9F79000912E5A /* picto */;
			targetProxy = 69C99CB929F9F79200912E5A /* PBXContainerItemProxy */;
		};
/* End PBXTargetDependency section */

/* Begin PBXVariantGroup section */
		69C99CA129F9F79000912E5A /* Main.storyboard */ = {
			isa = PBXVariantGroup;
			children = (
				69C99CA229F9F79000912E5A /* Base */,
			);
			name = Main.storyboard;
			sourceTree = "<group>";
		};
		69C99CA629F9F79100912E5A /* LaunchScreen.storyboard */ = {
			isa = PBXVariantGroup;
			children = (
				69C99CA729F9F79100912E5A /* Base */,
			);
			name = LaunchScreen.storyboard;
			sourceTree = "<group>";
		};
/* End PBXVariantGroup section */

/* Begin XCBuildConfiguration section */
		69C99CC029F9F79200912E5A /* Debug */ = {
			isa = XCBuildConfiguration;
			buildSettings = {
				ALWAYS_SEARCH_USER_PATHS = NO;
				CLANG_ANALYZER_NONNULL = YES;
				CLANG_ANALYZER_NUMBER_OBJECT_CONVERSION = YES_AGGRESSIVE;
				CLANG_CXX_LANGUAGE_STANDARD = "gnu++20";
				CLANG_ENABLE_MODULES = YES;
				CLANG_ENABLE_OBJC_ARC = YES;
				CLANG_ENABLE_OBJC_WEAK = YES;
				CLANG_WARN_BLOCK_CAPTURE_AUTORELEASING = YES;
				CLANG_WARN_BOOL_CONVERSION = YES;
				CLANG_WARN_COMMA = YES;
				CLANG_WARN_CONSTANT_CONVERSION = YES;
				CLANG_WARN_DEPRECATED_OBJC_IMPLEMENTATIONS = YES;
				CLANG_WARN_DIRECT_OBJC_ISA_USAGE = YES_ERROR;
				CLANG_WARN_DOCUMENTATION_COMMENTS = YES;
				CLANG_WARN_EMPTY_BODY = YES;
				CLANG_WARN_ENUM_CONVERSION = YES;
				CLANG_WARN_INFINITE_RECURSION = YES;
				CLANG_WARN_INT_CONVERSION = YES;
				CLANG_WARN_NON_LITERAL_NULL_CONVERSION = YES;
				CLANG_WARN_OBJC_IMPLICIT_RETAIN_SELF = YES;
				CLANG_WARN_OBJC_LITERAL_CONVERSION = YES;
				CLANG_WARN_OBJC_ROOT_CLASS = YES_ERROR;
				CLANG_WARN_QUOTED_INCLUDE_IN_FRAMEWORK_HEADER = YES;
				CLANG_WARN_RANGE_LOOP_ANALYSIS = YES;
				CLANG_WARN_STRICT_PROTOTYPES = YES;
				CLANG_WARN_SUSPICIOUS_MOVE = YES;
				CLANG_WARN_UNGUARDED_AVAILABILITY = YES_AGGRESSIVE;
				CLANG_WARN_UNREACHABLE_CODE = YES;
				CLANG_WARN__DUPLICATE_METHOD_MATCH = YES;
				COPY_PHASE_STRIP = NO;
				DEBUG_INFORMATION_FORMAT = dwarf;
				ENABLE_STRICT_OBJC_MSGSEND = YES;
				ENABLE_TESTABILITY = YES;
				GCC_C_LANGUAGE_STANDARD = gnu11;
				GCC_DYNAMIC_NO_PIC = NO;
				GCC_NO_COMMON_BLOCKS = YES;
				GCC_OPTIMIZATION_LEVEL = 0;
				GCC_PREPROCESSOR_DEFINITIONS = (
					"DEBUG=1",
					"$(inherited)",
				);
				GCC_WARN_64_TO_32_BIT_CONVERSION = YES;
				GCC_WARN_ABOUT_RETURN_TYPE = YES_ERROR;
				GCC_WARN_UNDECLARED_SELECTOR = YES;
				GCC_WARN_UNINITIALIZED_AUTOS = YES_AGGRESSIVE;
				GCC_WARN_UNUSED_FUNCTION = YES;
				GCC_WARN_UNUSED_VARIABLE = YES;
				IPHONEOS_DEPLOYMENT_TARGET = 16.2;
				MTL_ENABLE_DEBUG_INFO = INCLUDE_SOURCE;
				MTL_FAST_MATH = YES;
				ONLY_ACTIVE_ARCH = YES;
				SDKROOT = iphoneos;
				SWIFT_ACTIVE_COMPILATION_CONDITIONS = DEBUG;
				SWIFT_OPTIMIZATION_LEVEL = "-Onone";
			};
			name = Debug;
		};
		69C99CC129F9F79200912E5A /* Release */ = {
			isa = XCBuildConfiguration;
			buildSettings = {
				ALWAYS_SEARCH_USER_PATHS = NO;
				CLANG_ANALYZER_NONNULL = YES;
				CLANG_ANALYZER_NUMBER_OBJECT_CONVERSION = YES_AGGRESSIVE;
				CLANG_CXX_LANGUAGE_STANDARD = "gnu++20";
				CLANG_ENABLE_MODULES = YES;
				CLANG_ENABLE_OBJC_ARC = YES;
				CLANG_ENABLE_OBJC_WEAK = YES;
				CLANG_WARN_BLOCK_CAPTURE_AUTORELEASING = YES;
				CLANG_WARN_BOOL_CONVERSION = YES;
				CLANG_WARN_COMMA = YES;
				CLANG_WARN_CONSTANT_CONVERSION = YES;
				CLANG_WARN_DEPRECATED_OBJC_IMPLEMENTATIONS = YES;
				CLANG_WARN_DIRECT_OBJC_ISA_USAGE = YES_ERROR;
				CLANG_WARN_DOCUMENTATION_COMMENTS = YES;
				CLANG_WARN_EMPTY_BODY = YES;
				CLANG_WARN_ENUM_CONVERSION = YES;
				CLANG_WARN_INFINITE_RECURSION = YES;
				CLANG_WARN_INT_CONVERSION = YES;
				CLANG_WARN_NON_LITERAL_NULL_CONVERSION = YES;
				CLANG_WARN_OBJC_IMPLICIT_RETAIN_SELF = YES;
				CLANG_WARN_OBJC_LITERAL_CONVERSION = YES;
				CLANG_WARN_OBJC_ROOT_CLASS = YES_ERROR;
				CLANG_WARN_QUOTED_INCLUDE_IN_FRAMEWORK_HEADER = YES;
				CLANG_WARN_RANGE_LOOP_ANALYSIS = YES;
				CLANG_WARN_STRICT_PROTOTYPES = YES;
				CLANG_WARN_SUSPICIOUS_MOVE = YES;
				CLANG_WARN_UNGUARDED_AVAILABILITY = YES_AGGRESSIVE;
				CLANG_WARN_UNREACHABLE_CODE = YES;
				CLANG_WARN__DUPLICATE_METHOD_MATCH = YES;
				COPY_PHASE_STRIP = NO;
				DEBUG_INFORMATION_FORMAT = "dwarf-with-dsym";
				ENABLE_NS_ASSERTIONS = NO;
				ENABLE_STRICT_OBJC_MSGSEND = YES;
				GCC_C_LANGUAGE_STANDARD = gnu11;
				GCC_NO_COMMON_BLOCKS = YES;
				GCC_WARN_64_TO_32_BIT_CONVERSION = YES;
				GCC_WARN_ABOUT_RETURN_TYPE = YES_ERROR;
				GCC_WARN_UNDECLARED_SELECTOR = YES;
				GCC_WARN_UNINITIALIZED_AUTOS = YES_AGGRESSIVE;
				GCC_WARN_UNUSED_FUNCTION = YES;
				GCC_WARN_UNUSED_VARIABLE = YES;
				IPHONEOS_DEPLOYMENT_TARGET = 16.2;
				MTL_ENABLE_DEBUG_INFO = NO;
				MTL_FAST_MATH = YES;
				SDKROOT = iphoneos;
				SWIFT_COMPILATION_MODE = wholemodule;
				SWIFT_OPTIMIZATION_LEVEL = "-O";
				VALIDATE_PRODUCT = YES;
			};
			name = Release;
		};
		69C99CC329F9F79200912E5A /* Debug */ = {
			isa = XCBuildConfiguration;
			buildSettings = {
				ASSETCATALOG_COMPILER_APPICON_NAME = AppIcon;
				ASSETCATALOG_COMPILER_GLOBAL_ACCENT_COLOR_NAME = AccentColor;
				CODE_SIGN_STYLE = Automatic;
				CURRENT_PROJECT_VERSION = 1;
				DEVELOPMENT_TEAM = V7TSP6DWBC;
				GENERATE_INFOPLIST_FILE = YES;
				INFOPLIST_FILE = picto/Info.plist;
				INFOPLIST_KEY_UIApplicationSupportsIndirectInputEvents = YES;
				INFOPLIST_KEY_UILaunchStoryboardName = LaunchScreen;
				INFOPLIST_KEY_UIMainStoryboardFile = Main;
				INFOPLIST_KEY_UISupportedInterfaceOrientations_iPad = "UIInterfaceOrientationPortrait UIInterfaceOrientationPortraitUpsideDown UIInterfaceOrientationLandscapeLeft UIInterfaceOrientationLandscapeRight";
				INFOPLIST_KEY_UISupportedInterfaceOrientations_iPhone = "UIInterfaceOrientationPortrait UIInterfaceOrientationLandscapeLeft UIInterfaceOrientationLandscapeRight";
				LD_RUNPATH_SEARCH_PATHS = (
					"$(inherited)",
					"@executable_path/Frameworks",
				);
				MARKETING_VERSION = 1.0;
				PRODUCT_BUNDLE_IDENTIFIER = com.Jay.picto;
				PRODUCT_NAME = "$(TARGET_NAME)";
				SWIFT_EMIT_LOC_STRINGS = YES;
				SWIFT_VERSION = 5.0;
				TARGETED_DEVICE_FAMILY = "1,2";
			};
			name = Debug;
		};
		69C99CC429F9F79200912E5A /* Release */ = {
			isa = XCBuildConfiguration;
			buildSettings = {
				ASSETCATALOG_COMPILER_APPICON_NAME = AppIcon;
				ASSETCATALOG_COMPILER_GLOBAL_ACCENT_COLOR_NAME = AccentColor;
				CODE_SIGN_STYLE = Automatic;
				CURRENT_PROJECT_VERSION = 1;
				DEVELOPMENT_TEAM = V7TSP6DWBC;
				GENERATE_INFOPLIST_FILE = YES;
				INFOPLIST_FILE = picto/Info.plist;
				INFOPLIST_KEY_UIApplicationSupportsIndirectInputEvents = YES;
				INFOPLIST_KEY_UILaunchStoryboardName = LaunchScreen;
				INFOPLIST_KEY_UIMainStoryboardFile = Main;
				INFOPLIST_KEY_UISupportedInterfaceOrientations_iPad = "UIInterfaceOrientationPortrait UIInterfaceOrientationPortraitUpsideDown UIInterfaceOrientationLandscapeLeft UIInterfaceOrientationLandscapeRight";
				INFOPLIST_KEY_UISupportedInterfaceOrientations_iPhone = "UIInterfaceOrientationPortrait UIInterfaceOrientationLandscapeLeft UIInterfaceOrientationLandscapeRight";
				LD_RUNPATH_SEARCH_PATHS = (
					"$(inherited)",
					"@executable_path/Frameworks",
				);
				MARKETING_VERSION = 1.0;
				PRODUCT_BUNDLE_IDENTIFIER = com.Jay.picto;
				PRODUCT_NAME = "$(TARGET_NAME)";
				SWIFT_EMIT_LOC_STRINGS = YES;
				SWIFT_VERSION = 5.0;
				TARGETED_DEVICE_FAMILY = "1,2";
			};
			name = Release;
		};
		69C99CC629F9F79200912E5A /* Debug */ = {
			isa = XCBuildConfiguration;
			buildSettings = {
				ALWAYS_EMBED_SWIFT_STANDARD_LIBRARIES = YES;
				BUNDLE_LOADER = "$(TEST_HOST)";
				CODE_SIGN_STYLE = Automatic;
				CURRENT_PROJECT_VERSION = 1;
				DEVELOPMENT_TEAM = V7TSP6DWBC;
				GENERATE_INFOPLIST_FILE = YES;
				IPHONEOS_DEPLOYMENT_TARGET = 16.2;
				MARKETING_VERSION = 1.0;
				PRODUCT_BUNDLE_IDENTIFIER = com.Jay.pictoTests;
				PRODUCT_NAME = "$(TARGET_NAME)";
				SWIFT_EMIT_LOC_STRINGS = NO;
				SWIFT_VERSION = 5.0;
				TARGETED_DEVICE_FAMILY = "1,2";
				TEST_HOST = "$(BUILT_PRODUCTS_DIR)/picto.app/$(BUNDLE_EXECUTABLE_FOLDER_PATH)/picto";
			};
			name = Debug;
		};
		69C99CC729F9F79200912E5A /* Release */ = {
			isa = XCBuildConfiguration;
			buildSettings = {
				ALWAYS_EMBED_SWIFT_STANDARD_LIBRARIES = YES;
				BUNDLE_LOADER = "$(TEST_HOST)";
				CODE_SIGN_STYLE = Automatic;
				CURRENT_PROJECT_VERSION = 1;
				DEVELOPMENT_TEAM = V7TSP6DWBC;
				GENERATE_INFOPLIST_FILE = YES;
				IPHONEOS_DEPLOYMENT_TARGET = 16.2;
				MARKETING_VERSION = 1.0;
				PRODUCT_BUNDLE_IDENTIFIER = com.Jay.pictoTests;
				PRODUCT_NAME = "$(TARGET_NAME)";
				SWIFT_EMIT_LOC_STRINGS = NO;
				SWIFT_VERSION = 5.0;
				TARGETED_DEVICE_FAMILY = "1,2";
				TEST_HOST = "$(BUILT_PRODUCTS_DIR)/picto.app/$(BUNDLE_EXECUTABLE_FOLDER_PATH)/picto";
			};
			name = Release;
		};
		69C99CC929F9F79200912E5A /* Debug */ = {
			isa = XCBuildConfiguration;
			buildSettings = {
				ALWAYS_EMBED_SWIFT_STANDARD_LIBRARIES = YES;
				CODE_SIGN_STYLE = Automatic;
				CURRENT_PROJECT_VERSION = 1;
				DEVELOPMENT_TEAM = V7TSP6DWBC;
				GENERATE_INFOPLIST_FILE = YES;
				MARKETING_VERSION = 1.0;
				PRODUCT_BUNDLE_IDENTIFIER = com.Jay.pictoUITests;
				PRODUCT_NAME = "$(TARGET_NAME)";
				SWIFT_EMIT_LOC_STRINGS = NO;
				SWIFT_VERSION = 5.0;
				TARGETED_DEVICE_FAMILY = "1,2";
				TEST_TARGET_NAME = picto;
			};
			name = Debug;
		};
		69C99CCA29F9F79200912E5A /* Release */ = {
			isa = XCBuildConfiguration;
			buildSettings = {
				ALWAYS_EMBED_SWIFT_STANDARD_LIBRARIES = YES;
				CODE_SIGN_STYLE = Automatic;
				CURRENT_PROJECT_VERSION = 1;
				DEVELOPMENT_TEAM = V7TSP6DWBC;
				GENERATE_INFOPLIST_FILE = YES;
				MARKETING_VERSION = 1.0;
				PRODUCT_BUNDLE_IDENTIFIER = com.Jay.pictoUITests;
				PRODUCT_NAME = "$(TARGET_NAME)";
				SWIFT_EMIT_LOC_STRINGS = NO;
				SWIFT_VERSION = 5.0;
				TARGETED_DEVICE_FAMILY = "1,2";
				TEST_TARGET_NAME = picto;
			};
			name = Release;
		};
/* End XCBuildConfiguration section */

/* Begin XCConfigurationList section */
		69C99C9329F9F79000912E5A /* Build configuration list for PBXProject "picto" */ = {
			isa = XCConfigurationList;
			buildConfigurations = (
				69C99CC029F9F79200912E5A /* Debug */,
				69C99CC129F9F79200912E5A /* Release */,
			);
			defaultConfigurationIsVisible = 0;
			defaultConfigurationName = Release;
		};
		69C99CC229F9F79200912E5A /* Build configuration list for PBXNativeTarget "picto" */ = {
			isa = XCConfigurationList;
			buildConfigurations = (
				69C99CC329F9F79200912E5A /* Debug */,
				69C99CC429F9F79200912E5A /* Release */,
			);
			defaultConfigurationIsVisible = 0;
			defaultConfigurationName = Release;
		};
		69C99CC529F9F79200912E5A /* Build configuration list for PBXNativeTarget "pictoTests" */ = {
			isa = XCConfigurationList;
			buildConfigurations = (
				69C99CC629F9F79200912E5A /* Debug */,
				69C99CC729F9F79200912E5A /* Release */,
			);
			defaultConfigurationIsVisible = 0;
			defaultConfigurationName = Release;
		};
		69C99CC829F9F79200912E5A /* Build configuration list for PBXNativeTarget "pictoUITests" */ = {
			isa = XCConfigurationList;
			buildConfigurations = (
				69C99CC929F9F79200912E5A /* Debug */,
				69C99CCA29F9F79200912E5A /* Release */,
			);
			defaultConfigurationIsVisible = 0;
			defaultConfigurationName = Release;
		};
/* End XCConfigurationList section */
	};
	rootObject = 69C99C9029F9F79000912E5A /* Project object */;
}
